<?xml version="1.0" encoding="UTF-8" standalone="yes" ?>
<CodeBlocks_project_file>
	<FileVersion major="1" minor="6" />
	<Project>
		<Option title="soccerbot" />
		<Option pch_mode="2" />
		<Option compiler="gcc" />
		<Build>
			<Target title="debug">
				<Option output="./soccerbotd" prefix_auto="1" extension_auto="1" />
				<Option object_output="obj/debug/" />
				<Option type="1" />
				<Option compiler="gcc" />
				<Compiler>
					<Add option="-g" />
				</Compiler>
				<ExtraCommands>
					<Add after="bash /soccerbot/commit-push.sh" />
				</ExtraCommands>
			</Target>
			<Target title="release">
				<Option output="./soccerbot" prefix_auto="1" extension_auto="1" />
				<Option object_output="obj/release/" />
				<Option type="1" />
				<Option compiler="gcc" />
				<Compiler>
					<Add option="-O2" />
				</Compiler>
				<Linker>
					<Add option="-s" />
				</Linker>
				<ExtraCommands>
					<Add after="bash /soccerbot/commit-push.sh" />
				</ExtraCommands>
			</Target>
		</Build>
		<Compiler>
			<Add option="-Wall" />
			<Add option="-fexceptions" />
			<Add directory="/usr/local/include/websocketpp" />
			<Add directory="include" />
			<Add directory="libraries" />
		</Compiler>
		<Linker>
			<Add library="websocketpp" />
			<Add library="boost_system" />
			<Add library="boost_date_time" />
			<Add library="boost_program_options" />
			<Add library="boost_thread" />
			<Add library="boost_regex" />
			<Add library="pthread" />
			<Add directory="/usr/local/lib" />
		</Linker>
		<Unit filename="include/Ball.h" />
		<Unit filename="include/BallLocalizer.h" />
		<Unit filename="include/Command.h" />
		<Unit filename="include/Config.h" />
		<Unit filename="include/JSON.h" />
		<Unit filename="include/JsonResponse.h" />
		<Unit filename="include/Math.h" />
		<Unit filename="include/ParticleFilterLocalizer.h" />
		<Unit filename="include/Robot.h" />
		<Unit filename="include/Serial.h" />
		<Unit filename="include/SignalHandler.h" />
		<Unit filename="include/SoccerBot.h" />
		<Unit filename="include/Tasks.h" />
		<Unit filename="include/Util.h" />
		<Unit filename="include/WebSocketServer.h" />
		<Unit filename="include/Wheel.h" />
		<Unit filename="src/Ball.cpp" />
		<Unit filename="src/BallLocalizer.cpp" />
		<Unit filename="src/Command.cpp" />
		<Unit filename="src/JSON.cpp" />
		<Unit filename="src/JsonResponse.cpp" />
		<Unit filename="src/Math.cpp" />
		<Unit filename="src/ParticleFilterLocalizer.cpp" />
		<Unit filename="src/Robot.cpp" />
		<Unit filename="src/Serial.cpp" />
		<Unit filename="src/SignalHandler.cpp" />
		<Unit filename="src/SoccerBot.cpp" />
		<Unit filename="src/Tasks.cpp" />
		<Unit filename="src/Util.cpp" />
		<Unit filename="src/WebSocketServer.cpp" />
		<Unit filename="src/Wheel.cpp" />
		<Unit filename="src/main.cpp" />
		<Extensions>
			<code_completion />
			<debugger />
		</Extensions>
	</Project>
</CodeBlocks_project_file>
